
Microsoft Visual Studio Solution File, Format Version 12.00
# Visual Studio 15
VisualStudioVersion = 15.0.27130.2036
MinimumVisualStudioVersion = 10.0.40219.1
Project("{FAE04EC0-301F-11D3-BF4B-00C04F79EFBC}") = "FillHoles", "FillHoles\FillHoles.csproj", "{657563F6-070C-4DAF-8891-501EA3761448}"
EndProject
Global
	GlobalSection(SolutionConfigurationPlatforms) = preSolution
		Debug|Any CPU = Debug|Any CPU
		Release|Any CPU = Release|Any CPU
	EndGlobalSection
	GlobalSection(ProjectConfigurationPlatforms) = postSolution
		{657563F6-070C-4DAF-8891-501EA3761448}.Debug|Any CPU.ActiveCfg = Debug|Any CPU
		{657563F6-070C-4DAF-8891-501EA3761448}.Debug|Any CPU.Build.0 = Debug|Any CPU
		{657563F6-070C-4DAF-8891-501EA3761448}.Release|Any CPU.ActiveCfg = Release|Any CPU
		{657563F6-070C-4DAF-8891-501EA3761448}.Release|Any CPU.Build.0 = Release|Any CPU
	EndGlobalSection
	GlobalSection(SolutionProperties) = preSolution
		HideSolutionNode = FALSE
	EndGlobalSection
	GlobalSection(ExtensibilityGlobals) = postSolution
		SolutionGuid = {17112A6B-6B84-48CC-ACF3-A56F8C7626D0}
	EndGlobalSection
EndGlobal
